
Microsoft Visual Studio Solution File, Format Version 12.00
# Visual Studio 15
VisualStudioVersion = 15.0.28307.757
MinimumVisualStudioVersion = 10.0.40219.1
Project("{8BC9CEB8-8B4A-11D0-8D11-00A0C91BC942}") = "openssl_client", "openssl_client\openssl_client.vcxproj", "{FD7F1788-2135-4C29-A154-FAE25A60EC6D}"
EndProject
Project("{8BC9CEB8-8B4A-11D0-8D11-00A0C91BC942}") = "openssl_server", "openssl_server\openssl_server.vcxproj", "{A393ED28-B3C6-45E1-9BB9-E64586A14845}"
EndProject
Project("{8BC9CEB8-8B4A-11D0-8D11-00A0C91BC942}") = "openssl_client_local", "openssl_client_local\openssl_client_local.vcxproj", "{FF9FA4B4-88DA-4AE7-BCA2-9958E1AC7611}"
EndProject
Project("{8BC9CEB8-8B4A-11D0-8D11-00A0C91BC942}") = "openssl_dtls_client", "openssl_dtls_client\openssl_dtls_client.vcxproj", "{0F029CDC-43A4-4557-90B4-4F9FC1AF31A8}"
EndProject
Project("{8BC9CEB8-8B4A-11D0-8D11-00A0C91BC942}") = "openssl_dtls_server", "openssl_dtls_server\openssl_dtls_server.vcxproj", "{2160340A-1171-47EF-B164-EABCD7D668F1}"
EndProject
Global
	GlobalSection(SolutionConfigurationPlatforms) = preSolution
		Debug|x64 = Debug|x64
		Debug|x86 = Debug|x86
		Release|x64 = Release|x64
		Release|x86 = Release|x86
	EndGlobalSection
	GlobalSection(ProjectConfigurationPlatforms) = postSolution
		{FD7F1788-2135-4C29-A154-FAE25A60EC6D}.Debug|x64.ActiveCfg = Debug|x64
		{FD7F1788-2135-4C29-A154-FAE25A60EC6D}.Debug|x64.Build.0 = Debug|x64
		{FD7F1788-2135-4C29-A154-FAE25A60EC6D}.Debug|x86.ActiveCfg = Debug|Win32
		{FD7F1788-2135-4C29-A154-FAE25A60EC6D}.Debug|x86.Build.0 = Debug|Win32
		{FD7F1788-2135-4C29-A154-FAE25A60EC6D}.Release|x64.ActiveCfg = Release|x64
		{FD7F1788-2135-4C29-A154-FAE25A60EC6D}.Release|x64.Build.0 = Release|x64
		{FD7F1788-2135-4C29-A154-FAE25A60EC6D}.Release|x86.ActiveCfg = Release|Win32
		{FD7F1788-2135-4C29-A154-FAE25A60EC6D}.Release|x86.Build.0 = Release|Win32
		{A393ED28-B3C6-45E1-9BB9-E64586A14845}.Debug|x64.ActiveCfg = Debug|x64
		{A393ED28-B3C6-45E1-9BB9-E64586A14845}.Debug|x64.Build.0 = Debug|x64
		{A393ED28-B3C6-45E1-9BB9-E64586A14845}.Debug|x86.ActiveCfg = Debug|Win32
		{A393ED28-B3C6-45E1-9BB9-E64586A14845}.Debug|x86.Build.0 = Debug|Win32
		{A393ED28-B3C6-45E1-9BB9-E64586A14845}.Release|x64.ActiveCfg = Release|x64
		{A393ED28-B3C6-45E1-9BB9-E64586A14845}.Release|x64.Build.0 = Release|x64
		{A393ED28-B3C6-45E1-9BB9-E64586A14845}.Release|x86.ActiveCfg = Release|Win32
		{A393ED28-B3C6-45E1-9BB9-E64586A14845}.Release|x86.Build.0 = Release|Win32
		{FF9FA4B4-88DA-4AE7-BCA2-9958E1AC7611}.Debug|x64.ActiveCfg = Debug|x64
		{FF9FA4B4-88DA-4AE7-BCA2-9958E1AC7611}.Debug|x64.Build.0 = Debug|x64
		{FF9FA4B4-88DA-4AE7-BCA2-9958E1AC7611}.Debug|x86.ActiveCfg = Debug|Win32
		{FF9FA4B4-88DA-4AE7-BCA2-9958E1AC7611}.Debug|x86.Build.0 = Debug|Win32
		{FF9FA4B4-88DA-4AE7-BCA2-9958E1AC7611}.Release|x64.ActiveCfg = Release|x64
		{FF9FA4B4-88DA-4AE7-BCA2-9958E1AC7611}.Release|x64.Build.0 = Release|x64
		{FF9FA4B4-88DA-4AE7-BCA2-9958E1AC7611}.Release|x86.ActiveCfg = Release|Win32
		{FF9FA4B4-88DA-4AE7-BCA2-9958E1AC7611}.Release|x86.Build.0 = Release|Win32
		{0F029CDC-43A4-4557-90B4-4F9FC1AF31A8}.Debug|x64.ActiveCfg = Debug|x64
		{0F029CDC-43A4-4557-90B4-4F9FC1AF31A8}.Debug|x64.Build.0 = Debug|x64
		{0F029CDC-43A4-4557-90B4-4F9FC1AF31A8}.Debug|x86.ActiveCfg = Debug|Win32
		{0F029CDC-43A4-4557-90B4-4F9FC1AF31A8}.Debug|x86.Build.0 = Debug|Win32
		{0F029CDC-43A4-4557-90B4-4F9FC1AF31A8}.Release|x64.ActiveCfg = Release|x64
		{0F029CDC-43A4-4557-90B4-4F9FC1AF31A8}.Release|x64.Build.0 = Release|x64
		{0F029CDC-43A4-4557-90B4-4F9FC1AF31A8}.Release|x86.ActiveCfg = Release|Win32
		{0F029CDC-43A4-4557-90B4-4F9FC1AF31A8}.Release|x86.Build.0 = Release|Win32
		{2160340A-1171-47EF-B164-EABCD7D668F1}.Debug|x64.ActiveCfg = Debug|x64
		{2160340A-1171-47EF-B164-EABCD7D668F1}.Debug|x64.Build.0 = Debug|x64
		{2160340A-1171-47EF-B164-EABCD7D668F1}.Debug|x86.ActiveCfg = Debug|Win32
		{2160340A-1171-47EF-B164-EABCD7D668F1}.Debug|x86.Build.0 = Debug|Win32
		{2160340A-1171-47EF-B164-EABCD7D668F1}.Release|x64.ActiveCfg = Release|x64
		{2160340A-1171-47EF-B164-EABCD7D668F1}.Release|x64.Build.0 = Release|x64
		{2160340A-1171-47EF-B164-EABCD7D668F1}.Release|x86.ActiveCfg = Release|Win32
		{2160340A-1171-47EF-B164-EABCD7D668F1}.Release|x86.Build.0 = Release|Win32
	EndGlobalSection
	GlobalSection(SolutionProperties) = preSolution
		HideSolutionNode = FALSE
	EndGlobalSection
	GlobalSection(ExtensibilityGlobals) = postSolution
		SolutionGuid = {AE2FA158-5159-41E0-B383-31E9D11D13E8}
	EndGlobalSection
EndGlobal
